
Microsoft Visual Studio Solution File, Format Version 12.00
# Visual Studio Version 17
VisualStudioVersion = 17.11.35208.52
MinimumVisualStudioVersion = 10.0.40219.1
Project("{FAE04EC0-301F-11D3-BF4B-00C04F79EFBC}") = "Class Car", "Class Car\Class Car.csproj", "{3D4FBB6D-3979-427D-BF7A-30F3E67339FE}"
EndProject
Global
	GlobalSection(SolutionConfigurationPlatforms) = preSolution
		Debug|Any CPU = Debug|Any CPU
		Release|Any CPU = Release|Any CPU
	EndGlobalSection
	GlobalSection(ProjectConfigurationPlatforms) = postSolution
		{3D4FBB6D-3979-427D-BF7A-30F3E67339FE}.Debug|Any CPU.ActiveCfg = Debug|Any CPU
		{3D4FBB6D-3979-427D-BF7A-30F3E67339FE}.Debug|Any CPU.Build.0 = Debug|Any CPU
		{3D4FBB6D-3979-427D-BF7A-30F3E67339FE}.Release|Any CPU.ActiveCfg = Release|Any CPU
		{3D4FBB6D-3979-427D-BF7A-30F3E67339FE}.Release|Any CPU.Build.0 = Release|Any CPU
	EndGlobalSection
	GlobalSection(SolutionProperties) = preSolution
		HideSolutionNode = FALSE
	EndGlobalSection
	GlobalSection(ExtensibilityGlobals) = postSolution
		SolutionGuid = {1D161ACF-F2EA-4E3F-8CAB-36E26A5AFBC3}
	EndGlobalSection
EndGlobal
